// !$*UTF8*$!
{
	archiveVersion = 1;
	classes = {
	};
	objectVersion = 55;
	objects = {

/* Begin PBXBuildFile section */
		DFA148F3276B636800A86C54 /* AppDelegate.swift in Sources */ = {isa = PBXBuildFile; fileRef = DFA148F2276B636800A86C54 /* AppDelegate.swift */; };
		DFA148F5276B636800A86C54 /* SceneDelegate.swift in Sources */ = {isa = PBXBuildFile; fileRef = DFA148F4276B636800A86C54 /* SceneDelegate.swift */; };
		DFA148FC276B636900A86C54 /* Assets.xcassets in Resources */ = {isa = PBXBuildFile; fileRef = DFA148FB276B636900A86C54 /* Assets.xcassets */; };
		DFA148FF276B636900A86C54 /* LaunchScreen.storyboard in Resources */ = {isa = PBXBuildFile; fileRef = DFA148FD276B636900A86C54 /* LaunchScreen.storyboard */; };
		DFA1491F276B7A8300A86C54 /* Coordinator.swift in Sources */ = {isa = PBXBuildFile; fileRef = DFA1491E276B7A8300A86C54 /* Coordinator.swift */; };
		DFA14924276B7F6C00A86C54 /* CartViewController.swift in Sources */ = {isa = PBXBuildFile; fileRef = DFA14922276B7F6C00A86C54 /* CartViewController.swift */; };
		DFA14925276B7F6C00A86C54 /* CartViewController.xib in Resources */ = {isa = PBXBuildFile; fileRef = DFA14923276B7F6C00A86C54 /* CartViewController.xib */; };
		DFA14928276B805600A86C54 /* ProfileViewController.swift in Sources */ = {isa = PBXBuildFile; fileRef = DFA14926276B805600A86C54 /* ProfileViewController.swift */; };
		DFA14929276B805600A86C54 /* ProfileViewController.xib in Resources */ = {isa = PBXBuildFile; fileRef = DFA14927276B805600A86C54 /* ProfileViewController.xib */; };
		DFA1492C276B817500A86C54 /* ContactsViewController.swift in Sources */ = {isa = PBXBuildFile; fileRef = DFA1492A276B817500A86C54 /* ContactsViewController.swift */; };
		DFA1492D276B817500A86C54 /* ContactsViewController.xib in Resources */ = {isa = PBXBuildFile; fileRef = DFA1492B276B817500A86C54 /* ContactsViewController.xib */; };
		DFA9AD2A276F9D900093613D /* MainTabBarController.swift in Sources */ = {isa = PBXBuildFile; fileRef = DFA9AD29276F9D900093613D /* MainTabBarController.swift */; };
		DFA9AD2D276F9EC50093613D /* MenuCoordinator.swift in Sources */ = {isa = PBXBuildFile; fileRef = DFA9AD2C276F9EC50093613D /* MenuCoordinator.swift */; };
		DFA9AD2F276F9ED60093613D /* ProfileCoordinator.swift in Sources */ = {isa = PBXBuildFile; fileRef = DFA9AD2E276F9ED60093613D /* ProfileCoordinator.swift */; };
		DFA9AD31276FA9790093613D /* CoordinatedNavigationController.swift in Sources */ = {isa = PBXBuildFile; fileRef = DFA9AD30276FA9790093613D /* CoordinatedNavigationController.swift */; };
		DFAB0C0A278220D7003F0937 /* UIColor.swift in Sources */ = {isa = PBXBuildFile; fileRef = DFAB0C09278220D7003F0937 /* UIColor.swift */; };
		DFAB0C0D278223CF003F0937 /* MenuViewController.swift in Sources */ = {isa = PBXBuildFile; fileRef = DFAB0C0C278223CF003F0937 /* MenuViewController.swift */; };
		DFAB0C13278240A6003F0937 /* ProductCell.swift in Sources */ = {isa = PBXBuildFile; fileRef = DFAB0C11278240A6003F0937 /* ProductCell.swift */; };
		DFAB0C14278240A6003F0937 /* ProductCell.xib in Resources */ = {isa = PBXBuildFile; fileRef = DFAB0C12278240A6003F0937 /* ProductCell.xib */; };
		DFCA25762770577800EE07C1 /* ContactsCoordinator.swift in Sources */ = {isa = PBXBuildFile; fileRef = DFCA25752770577800EE07C1 /* ContactsCoordinator.swift */; };
		DFCA25782770587300EE07C1 /* CartCoordinator.swift in Sources */ = {isa = PBXBuildFile; fileRef = DFCA25772770587300EE07C1 /* CartCoordinator.swift */; };
		DFCA257B27705DB300EE07C1 /* StorytellerSDK in Frameworks */ = {isa = PBXBuildFile; productRef = DFCA257A27705DB300EE07C1 /* StorytellerSDK */; };
		DFD89D0A27845E4F00E9128D /* StorytellerCell.swift in Sources */ = {isa = PBXBuildFile; fileRef = DFD89D0827845E4F00E9128D /* StorytellerCell.swift */; };
		DFD89D0B27845E4F00E9128D /* StorytellerCell.xib in Resources */ = {isa = PBXBuildFile; fileRef = DFD89D0927845E4F00E9128D /* StorytellerCell.xib */; };
		DFE39997277252F8004B3DC4 /* PopularCell.swift in Sources */ = {isa = PBXBuildFile; fileRef = DFE39995277252F8004B3DC4 /* PopularCell.swift */; };
		DFE39998277252F8004B3DC4 /* PopularCell.xib in Resources */ = {isa = PBXBuildFile; fileRef = DFE39996277252F8004B3DC4 /* PopularCell.xib */; };
		DFFAB6FB27832B4200BDF7F7 /* Popular.swift in Sources */ = {isa = PBXBuildFile; fileRef = DFFAB6FA27832B4200BDF7F7 /* Popular.swift */; };
		DFFAB6FD27832C7400BDF7F7 /* Product.swift in Sources */ = {isa = PBXBuildFile; fileRef = DFFAB6FC27832C7400BDF7F7 /* Product.swift */; };
		DFFAB70027834EBF00BDF7F7 /* CategoryCell.swift in Sources */ = {isa = PBXBuildFile; fileRef = DFFAB6FE27834EBF00BDF7F7 /* CategoryCell.swift */; };
		DFFAB70127834EBF00BDF7F7 /* CategoryCell.xib in Resources */ = {isa = PBXBuildFile; fileRef = DFFAB6FF27834EBF00BDF7F7 /* CategoryCell.xib */; };
		DFFAB70327834F6400BDF7F7 /* Category.swift in Sources */ = {isa = PBXBuildFile; fileRef = DFFAB70227834F6400BDF7F7 /* Category.swift */; };
/* End PBXBuildFile section */

/* Begin PBXFileReference section */
		DFA148EF276B636800A86C54 /* Cakeberry.app */ = {isa = PBXFileReference; explicitFileType = wrapper.application; includeInIndex = 0; path = Cakeberry.app; sourceTree = BUILT_PRODUCTS_DIR; };
		DFA148F2276B636800A86C54 /* AppDelegate.swift */ = {isa = PBXFileReference; lastKnownFileType = sourcecode.swift; path = AppDelegate.swift; sourceTree = "<group>"; };
		DFA148F4276B636800A86C54 /* SceneDelegate.swift */ = {isa = PBXFileReference; lastKnownFileType = sourcecode.swift; path = SceneDelegate.swift; sourceTree = "<group>"; };
		DFA148FB276B636900A86C54 /* Assets.xcassets */ = {isa = PBXFileReference; lastKnownFileType = folder.assetcatalog; path = Assets.xcassets; sourceTree = "<group>"; };
		DFA148FE276B636900A86C54 /* Base */ = {isa = PBXFileReference; lastKnownFileType = file.storyboard; name = Base; path = Base.lproj/LaunchScreen.storyboard; sourceTree = "<group>"; };
		DFA14900276B636900A86C54 /* Info.plist */ = {isa = PBXFileReference; lastKnownFileType = text.plist.xml; path = Info.plist; sourceTree = "<group>"; };
		DFA1491E276B7A8300A86C54 /* Coordinator.swift */ = {isa = PBXFileReference; lastKnownFileType = sourcecode.swift; path = Coordinator.swift; sourceTree = "<group>"; };
		DFA14922276B7F6C00A86C54 /* CartViewController.swift */ = {isa = PBXFileReference; lastKnownFileType = sourcecode.swift; path = CartViewController.swift; sourceTree = "<group>"; };
		DFA14923276B7F6C00A86C54 /* CartViewController.xib */ = {isa = PBXFileReference; lastKnownFileType = file.xib; path = CartViewController.xib; sourceTree = "<group>"; };
		DFA14926276B805600A86C54 /* ProfileViewController.swift */ = {isa = PBXFileReference; lastKnownFileType = sourcecode.swift; path = ProfileViewController.swift; sourceTree = "<group>"; };
		DFA14927276B805600A86C54 /* ProfileViewController.xib */ = {isa = PBXFileReference; lastKnownFileType = file.xib; path = ProfileViewController.xib; sourceTree = "<group>"; };
		DFA1492A276B817500A86C54 /* ContactsViewController.swift */ = {isa = PBXFileReference; lastKnownFileType = sourcecode.swift; path = ContactsViewController.swift; sourceTree = "<group>"; };
		DFA1492B276B817500A86C54 /* ContactsViewController.xib */ = {isa = PBXFileReference; lastKnownFileType = file.xib; path = ContactsViewController.xib; sourceTree = "<group>"; };
		DFA9AD29276F9D900093613D /* MainTabBarController.swift */ = {isa = PBXFileReference; lastKnownFileType = sourcecode.swift; path = MainTabBarController.swift; sourceTree = "<group>"; };
		DFA9AD2C276F9EC50093613D /* MenuCoordinator.swift */ = {isa = PBXFileReference; lastKnownFileType = sourcecode.swift; path = MenuCoordinator.swift; sourceTree = "<group>"; };
		DFA9AD2E276F9ED60093613D /* ProfileCoordinator.swift */ = {isa = PBXFileReference; lastKnownFileType = sourcecode.swift; path = ProfileCoordinator.swift; sourceTree = "<group>"; };
		DFA9AD30276FA9790093613D /* CoordinatedNavigationController.swift */ = {isa = PBXFileReference; lastKnownFileType = sourcecode.swift; path = CoordinatedNavigationController.swift; sourceTree = "<group>"; };
		DFAB0C09278220D7003F0937 /* UIColor.swift */ = {isa = PBXFileReference; lastKnownFileType = sourcecode.swift; path = UIColor.swift; sourceTree = "<group>"; };
		DFAB0C0C278223CF003F0937 /* MenuViewController.swift */ = {isa = PBXFileReference; lastKnownFileType = sourcecode.swift; path = MenuViewController.swift; sourceTree = "<group>"; };
		DFAB0C11278240A6003F0937 /* ProductCell.swift */ = {isa = PBXFileReference; lastKnownFileType = sourcecode.swift; path = ProductCell.swift; sourceTree = "<group>"; };
		DFAB0C12278240A6003F0937 /* ProductCell.xib */ = {isa = PBXFileReference; lastKnownFileType = file.xib; path = ProductCell.xib; sourceTree = "<group>"; };
		DFCA25752770577800EE07C1 /* ContactsCoordinator.swift */ = {isa = PBXFileReference; lastKnownFileType = sourcecode.swift; path = ContactsCoordinator.swift; sourceTree = "<group>"; };
		DFCA25772770587300EE07C1 /* CartCoordinator.swift */ = {isa = PBXFileReference; lastKnownFileType = sourcecode.swift; path = CartCoordinator.swift; sourceTree = "<group>"; };
		DFD89D0827845E4F00E9128D /* StorytellerCell.swift */ = {isa = PBXFileReference; lastKnownFileType = sourcecode.swift; path = StorytellerCell.swift; sourceTree = "<group>"; };
		DFD89D0927845E4F00E9128D /* StorytellerCell.xib */ = {isa = PBXFileReference; lastKnownFileType = file.xib; path = StorytellerCell.xib; sourceTree = "<group>"; };
		DFE39995277252F8004B3DC4 /* PopularCell.swift */ = {isa = PBXFileReference; lastKnownFileType = sourcecode.swift; path = PopularCell.swift; sourceTree = "<group>"; };
		DFE39996277252F8004B3DC4 /* PopularCell.xib */ = {isa = PBXFileReference; lastKnownFileType = file.xib; path = PopularCell.xib; sourceTree = "<group>"; };
		DFFAB6FA27832B4200BDF7F7 /* Popular.swift */ = {isa = PBXFileReference; lastKnownFileType = sourcecode.swift; path = Popular.swift; sourceTree = "<group>"; };
		DFFAB6FC27832C7400BDF7F7 /* Product.swift */ = {isa = PBXFileReference; lastKnownFileType = sourcecode.swift; path = Product.swift; sourceTree = "<group>"; };
		DFFAB6FE27834EBF00BDF7F7 /* CategoryCell.swift */ = {isa = PBXFileReference; lastKnownFileType = sourcecode.swift; path = CategoryCell.swift; sourceTree = "<group>"; };
		DFFAB6FF27834EBF00BDF7F7 /* CategoryCell.xib */ = {isa = PBXFileReference; lastKnownFileType = file.xib; path = CategoryCell.xib; sourceTree = "<group>"; };
		DFFAB70227834F6400BDF7F7 /* Category.swift */ = {isa = PBXFileReference; lastKnownFileType = sourcecode.swift; path = Category.swift; sourceTree = "<group>"; };
/* End PBXFileReference section */

/* Begin PBXFrameworksBuildPhase section */
		DFA148EC276B636800A86C54 /* Frameworks */ = {
			isa = PBXFrameworksBuildPhase;
			buildActionMask = 2147483647;
			files = (
				DFCA257B27705DB300EE07C1 /* StorytellerSDK in Frameworks */,
			);
			runOnlyForDeploymentPostprocessing = 0;
		};
/* End PBXFrameworksBuildPhase section */

/* Begin PBXGroup section */
		DFA148E6276B636800A86C54 = {
			isa = PBXGroup;
			children = (
				DFA148F1276B636800A86C54 /* Cakeberry */,
				DFA148F0276B636800A86C54 /* Products */,
			);
			sourceTree = "<group>";
		};
		DFA148F0276B636800A86C54 /* Products */ = {
			isa = PBXGroup;
			children = (
				DFA148EF276B636800A86C54 /* Cakeberry.app */,
			);
			name = Products;
			sourceTree = "<group>";
		};
		DFA148F1276B636800A86C54 /* Cakeberry */ = {
			isa = PBXGroup;
			children = (
				DFA1490A276B640800A86C54 /* Application */,
				DFA9AD32276FAB410093613D /* Activities */,
				DFA9AD37276FAFDA0093613D /* Library */,
				DFA1490B276B641000A86C54 /* Resources */,
			);
			path = Cakeberry;
			sourceTree = "<group>";
		};
		DFA1490A276B640800A86C54 /* Application */ = {
			isa = PBXGroup;
			children = (
				DFA148F2276B636800A86C54 /* AppDelegate.swift */,
				DFA148F4276B636800A86C54 /* SceneDelegate.swift */,
				DFA9AD29276F9D900093613D /* MainTabBarController.swift */,
				DFA148FD276B636900A86C54 /* LaunchScreen.storyboard */,
				DFA14900276B636900A86C54 /* Info.plist */,
			);
			path = Application;
			sourceTree = "<group>";
		};
		DFA1490B276B641000A86C54 /* Resources */ = {
			isa = PBXGroup;
			children = (
				DFAB0C0B27822319003F0937 /* Fonts */,
				DFA14911276B64F700A86C54 /* Sounds */,
				DFA148FB276B636900A86C54 /* Assets.xcassets */,
			);
			path = Resources;
			sourceTree = "<group>";
		};
		DFA14911276B64F700A86C54 /* Sounds */ = {
			isa = PBXGroup;
			children = (
			);
			path = Sounds;
			sourceTree = "<group>";
		};
		DFA9AD32276FAB410093613D /* Activities */ = {
			isa = PBXGroup;
			children = (
				DFA9AD33276FAB480093613D /* Menu */,
				DFA9AD34276FAB4E0093613D /* Profile */,
				DFA9AD35276FAB5A0093613D /* Contacts */,
				DFA9AD36276FAB670093613D /* Cart */,
			);
			path = Activities;
			sourceTree = "<group>";
		};
		DFA9AD33276FAB480093613D /* Menu */ = {
			isa = PBXGroup;
			children = (
				DFA9AD2C276F9EC50093613D /* MenuCoordinator.swift */,
				DFD89D0C27846D0F00E9128D /* Helpers */,
				DFA9AD3C276FB97E0093613D /* Sceens */,
				DFE39994277252D1004B3DC4 /* Cells */,
				DFFAB6F927832AB000BDF7F7 /* Model */,
			);
			path = Menu;
			sourceTree = "<group>";
		};
		DFA9AD34276FAB4E0093613D /* Profile */ = {
			isa = PBXGroup;
			children = (
				DFA9AD2E276F9ED60093613D /* ProfileCoordinator.swift */,
				DFA9AD3D276FB9950093613D /* Views */,
			);
			path = Profile;
			sourceTree = "<group>";
		};
		DFA9AD35276FAB5A0093613D /* Contacts */ = {
			isa = PBXGroup;
			children = (
				DFCA25752770577800EE07C1 /* ContactsCoordinator.swift */,
				DFA9AD3E276FB9AC0093613D /* Views */,
			);
			path = Contacts;
			sourceTree = "<group>";
		};
		DFA9AD36276FAB670093613D /* Cart */ = {
			isa = PBXGroup;
			children = (
				DFCA25772770587300EE07C1 /* CartCoordinator.swift */,
				DFA9AD3F276FB9BC0093613D /* Views */,
			);
			path = Cart;
			sourceTree = "<group>";
		};
		DFA9AD37276FAFDA0093613D /* Library */ = {
			isa = PBXGroup;
			children = (
				DFA9AD3B276FB4CB0093613D /* Base classes */,
				DFA9AD39276FB0810093613D /* Protocols */,
				DFA9AD38276FB0770093613D /* Extensions */,
			);
			path = Library;
			sourceTree = "<group>";
		};
		DFA9AD38276FB0770093613D /* Extensions */ = {
			isa = PBXGroup;
			children = (
				DFAB0C09278220D7003F0937 /* UIColor.swift */,
			);
			path = Extensions;
			sourceTree = "<group>";
		};
		DFA9AD39276FB0810093613D /* Protocols */ = {
			isa = PBXGroup;
			children = (
				DFA1491E276B7A8300A86C54 /* Coordinator.swift */,
			);
			path = Protocols;
			sourceTree = "<group>";
		};
		DFA9AD3B276FB4CB0093613D /* Base classes */ = {
			isa = PBXGroup;
			children = (
				DFA9AD30276FA9790093613D /* CoordinatedNavigationController.swift */,
			);
			path = "Base classes";
			sourceTree = "<group>";
		};
		DFA9AD3C276FB97E0093613D /* Sceens */ = {
			isa = PBXGroup;
			children = (
				DFAB0C0C278223CF003F0937 /* MenuViewController.swift */,
			);
			path = Sceens;
			sourceTree = "<group>";
		};
		DFA9AD3D276FB9950093613D /* Views */ = {
			isa = PBXGroup;
			children = (
				DFA14927276B805600A86C54 /* ProfileViewController.xib */,
				DFA14926276B805600A86C54 /* ProfileViewController.swift */,
			);
			path = Views;
			sourceTree = "<group>";
		};
		DFA9AD3E276FB9AC0093613D /* Views */ = {
			isa = PBXGroup;
			children = (
				DFA1492A276B817500A86C54 /* ContactsViewController.swift */,
				DFA1492B276B817500A86C54 /* ContactsViewController.xib */,
			);
			path = Views;
			sourceTree = "<group>";
		};
		DFA9AD3F276FB9BC0093613D /* Views */ = {
			isa = PBXGroup;
			children = (
				DFA14922276B7F6C00A86C54 /* CartViewController.swift */,
				DFA14923276B7F6C00A86C54 /* CartViewController.xib */,
			);
			path = Views;
			sourceTree = "<group>";
		};
		DFAB0C0B27822319003F0937 /* Fonts */ = {
			isa = PBXGroup;
			children = (
			);
			path = Fonts;
			sourceTree = "<group>";
		};
		DFD89D0C27846D0F00E9128D /* Helpers */ = {
			isa = PBXGroup;
			children = (
			);
			path = Helpers;
			sourceTree = "<group>";
		};
		DFE39994277252D1004B3DC4 /* Cells */ = {
			isa = PBXGroup;
			children = (
				DFAB0C11278240A6003F0937 /* ProductCell.swift */,
				DFAB0C12278240A6003F0937 /* ProductCell.xib */,
				DFE39995277252F8004B3DC4 /* PopularCell.swift */,
				DFE39996277252F8004B3DC4 /* PopularCell.xib */,
				DFFAB6FE27834EBF00BDF7F7 /* CategoryCell.swift */,
				DFFAB6FF27834EBF00BDF7F7 /* CategoryCell.xib */,
				DFD89D0827845E4F00E9128D /* StorytellerCell.swift */,
				DFD89D0927845E4F00E9128D /* StorytellerCell.xib */,
			);
			path = Cells;
			sourceTree = "<group>";
		};
		DFFAB6F927832AB000BDF7F7 /* Model */ = {
			isa = PBXGroup;
			children = (
				DFFAB6FA27832B4200BDF7F7 /* Popular.swift */,
				DFFAB6FC27832C7400BDF7F7 /* Product.swift */,
				DFFAB70227834F6400BDF7F7 /* Category.swift */,
			);
			path = Model;
			sourceTree = "<group>";
		};
/* End PBXGroup section */

/* Begin PBXNativeTarget section */
		DFA148EE276B636800A86C54 /* Cakeberry */ = {
			isa = PBXNativeTarget;
			buildConfigurationList = DFA14903276B636900A86C54 /* Build configuration list for PBXNativeTarget "Cakeberry" */;
			buildPhases = (
				DFA14930276B893B00A86C54 /* ShellScript */,
				DFA148EB276B636800A86C54 /* Sources */,
				DFA148EC276B636800A86C54 /* Frameworks */,
				DFA148ED276B636800A86C54 /* Resources */,
			);
			buildRules = (
			);
			dependencies = (
			);
			name = Cakeberry;
			packageProductDependencies = (
				DFCA257A27705DB300EE07C1 /* StorytellerSDK */,
			);
			productName = Cakeberry;
			productReference = DFA148EF276B636800A86C54 /* Cakeberry.app */;
			productType = "com.apple.product-type.application";
		};
/* End PBXNativeTarget section */

/* Begin PBXProject section */
		DFA148E7276B636800A86C54 /* Project object */ = {
			isa = PBXProject;
			attributes = {
				BuildIndependentTargetsInParallel = 1;
				LastSwiftUpdateCheck = 1310;
				LastUpgradeCheck = 1310;
				TargetAttributes = {
					DFA148EE276B636800A86C54 = {
						CreatedOnToolsVersion = 13.1;
					};
				};
			};
			buildConfigurationList = DFA148EA276B636800A86C54 /* Build configuration list for PBXProject "Cakeberry" */;
			compatibilityVersion = "Xcode 13.0";
			developmentRegion = en;
			hasScannedForEncodings = 0;
			knownRegions = (
				en,
				Base,
			);
			mainGroup = DFA148E6276B636800A86C54;
			packageReferences = (
				DFCA257927705DB300EE07C1 /* XCRemoteSwiftPackageReference "storyteller-sdk-swift-package" */,
			);
			productRefGroup = DFA148F0276B636800A86C54 /* Products */;
			projectDirPath = "";
			projectRoot = "";
			targets = (
				DFA148EE276B636800A86C54 /* Cakeberry */,
			);
		};
/* End PBXProject section */

/* Begin PBXResourcesBuildPhase section */
		DFA148ED276B636800A86C54 /* Resources */ = {
			isa = PBXResourcesBuildPhase;
			buildActionMask = 2147483647;
			files = (
				DFE39998277252F8004B3DC4 /* PopularCell.xib in Resources */,
				DFA1492D276B817500A86C54 /* ContactsViewController.xib in Resources */,
				DFA14929276B805600A86C54 /* ProfileViewController.xib in Resources */,
				DFAB0C14278240A6003F0937 /* ProductCell.xib in Resources */,
				DFD89D0B27845E4F00E9128D /* StorytellerCell.xib in Resources */,
				DFA148FF276B636900A86C54 /* LaunchScreen.storyboard in Resources */,
				DFA14925276B7F6C00A86C54 /* CartViewController.xib in Resources */,
				DFFAB70127834EBF00BDF7F7 /* CategoryCell.xib in Resources */,
				DFA148FC276B636900A86C54 /* Assets.xcassets in Resources */,
			);
			runOnlyForDeploymentPostprocessing = 0;
		};
/* End PBXResourcesBuildPhase section */

/* Begin PBXShellScriptBuildPhase section */
		DFA14930276B893B00A86C54 /* ShellScript */ = {
			isa = PBXShellScriptBuildPhase;
			buildActionMask = 2147483647;
			files = (
			);
			inputFileListPaths = (
			);
			inputPaths = (
			);
			outputFileListPaths = (
			);
			outputPaths = (
			);
			runOnlyForDeploymentPostprocessing = 0;
			shellPath = /bin/sh;
			shellScript = "# Type a script or drag a script file from your workspace to insert its path.\nif which swiftlint >/dev/null; then\n  swiftlint\nelse\n  echo \"warning: SwiftLint not installed, download from https://github.com/realm/SwiftLint\"\nfi\n";
		};
/* End PBXShellScriptBuildPhase section */

/* Begin PBXSourcesBuildPhase section */
		DFA148EB276B636800A86C54 /* Sources */ = {
			isa = PBXSourcesBuildPhase;
			buildActionMask = 2147483647;
			files = (
				DFFAB6FD27832C7400BDF7F7 /* Product.swift in Sources */,
				DFA148F3276B636800A86C54 /* AppDelegate.swift in Sources */,
				DFA9AD2A276F9D900093613D /* MainTabBarController.swift in Sources */,
				DFA1491F276B7A8300A86C54 /* Coordinator.swift in Sources */,
				DFA9AD2F276F9ED60093613D /* ProfileCoordinator.swift in Sources */,
				DFFAB6FB27832B4200BDF7F7 /* Popular.swift in Sources */,
				DFE39997277252F8004B3DC4 /* PopularCell.swift in Sources */,
				DFCA25782770587300EE07C1 /* CartCoordinator.swift in Sources */,
				DFA9AD31276FA9790093613D /* CoordinatedNavigationController.swift in Sources */,
				DFCA25762770577800EE07C1 /* ContactsCoordinator.swift in Sources */,
				DFA14928276B805600A86C54 /* ProfileViewController.swift in Sources */,
				DFA9AD2D276F9EC50093613D /* MenuCoordinator.swift in Sources */,
				DFD89D0A27845E4F00E9128D /* StorytellerCell.swift in Sources */,
				DFA1492C276B817500A86C54 /* ContactsViewController.swift in Sources */,
				DFA14924276B7F6C00A86C54 /* CartViewController.swift in Sources */,
				DFAB0C13278240A6003F0937 /* ProductCell.swift in Sources */,
				DFA148F5276B636800A86C54 /* SceneDelegate.swift in Sources */,
				DFAB0C0A278220D7003F0937 /* UIColor.swift in Sources */,
				DFAB0C0D278223CF003F0937 /* MenuViewController.swift in Sources */,
				DFFAB70027834EBF00BDF7F7 /* CategoryCell.swift in Sources */,
				DFFAB70327834F6400BDF7F7 /* Category.swift in Sources */,
			);
			runOnlyForDeploymentPostprocessing = 0;
		};
/* End PBXSourcesBuildPhase section */

/* Begin PBXVariantGroup section */
		DFA148FD276B636900A86C54 /* LaunchScreen.storyboard */ = {
			isa = PBXVariantGroup;
			children = (
				DFA148FE276B636900A86C54 /* Base */,
			);
			name = LaunchScreen.storyboard;
			sourceTree = "<group>";
		};
/* End PBXVariantGroup section */

/* Begin XCBuildConfiguration section */
		DFA14901276B636900A86C54 /* Debug */ = {
			isa = XCBuildConfiguration;
			buildSettings = {
				ALWAYS_SEARCH_USER_PATHS = NO;
				CLANG_ANALYZER_NONNULL = YES;
				CLANG_ANALYZER_NUMBER_OBJECT_CONVERSION = YES_AGGRESSIVE;
				CLANG_CXX_LANGUAGE_STANDARD = "gnu++17";
				CLANG_CXX_LIBRARY = "libc++";
				CLANG_ENABLE_MODULES = YES;
				CLANG_ENABLE_OBJC_ARC = YES;
				CLANG_ENABLE_OBJC_WEAK = YES;
				CLANG_WARN_BLOCK_CAPTURE_AUTORELEASING = YES;
				CLANG_WARN_BOOL_CONVERSION = YES;
				CLANG_WARN_COMMA = YES;
				CLANG_WARN_CONSTANT_CONVERSION = YES;
				CLANG_WARN_DEPRECATED_OBJC_IMPLEMENTATIONS = YES;
				CLANG_WARN_DIRECT_OBJC_ISA_USAGE = YES_ERROR;
				CLANG_WARN_DOCUMENTATION_COMMENTS = YES;
				CLANG_WARN_EMPTY_BODY = YES;
				CLANG_WARN_ENUM_CONVERSION = YES;
				CLANG_WARN_INFINITE_RECURSION = YES;
				CLANG_WARN_INT_CONVERSION = YES;
				CLANG_WARN_NON_LITERAL_NULL_CONVERSION = YES;
				CLANG_WARN_OBJC_IMPLICIT_RETAIN_SELF = YES;
				CLANG_WARN_OBJC_LITERAL_CONVERSION = YES;
				CLANG_WARN_OBJC_ROOT_CLASS = YES_ERROR;
				CLANG_WARN_QUOTED_INCLUDE_IN_FRAMEWORK_HEADER = YES;
				CLANG_WARN_RANGE_LOOP_ANALYSIS = YES;
				CLANG_WARN_STRICT_PROTOTYPES = YES;
				CLANG_WARN_SUSPICIOUS_MOVE = YES;
				CLANG_WARN_UNGUARDED_AVAILABILITY = YES_AGGRESSIVE;
				CLANG_WARN_UNREACHABLE_CODE = YES;
				CLANG_WARN__DUPLICATE_METHOD_MATCH = YES;
				COPY_PHASE_STRIP = NO;
				DEBUG_INFORMATION_FORMAT = dwarf;
				ENABLE_STRICT_OBJC_MSGSEND = YES;
				ENABLE_TESTABILITY = YES;
				GCC_C_LANGUAGE_STANDARD = gnu11;
				GCC_DYNAMIC_NO_PIC = NO;
				GCC_NO_COMMON_BLOCKS = YES;
				GCC_OPTIMIZATION_LEVEL = 0;
				GCC_PREPROCESSOR_DEFINITIONS = (
					"DEBUG=1",
					"$(inherited)",
				);
				GCC_WARN_64_TO_32_BIT_CONVERSION = YES;
				GCC_WARN_ABOUT_RETURN_TYPE = YES_ERROR;
				GCC_WARN_UNDECLARED_SELECTOR = YES;
				GCC_WARN_UNINITIALIZED_AUTOS = YES_AGGRESSIVE;
				GCC_WARN_UNUSED_FUNCTION = YES;
				GCC_WARN_UNUSED_VARIABLE = YES;
				IPHONEOS_DEPLOYMENT_TARGET = 15.0;
				MTL_ENABLE_DEBUG_INFO = INCLUDE_SOURCE;
				MTL_FAST_MATH = YES;
				ONLY_ACTIVE_ARCH = YES;
				SDKROOT = iphoneos;
				SWIFT_ACTIVE_COMPILATION_CONDITIONS = DEBUG;
				SWIFT_OPTIMIZATION_LEVEL = "-Onone";
			};
			name = Debug;
		};
		DFA14902276B636900A86C54 /* Release */ = {
			isa = XCBuildConfiguration;
			buildSettings = {
				ALWAYS_SEARCH_USER_PATHS = NO;
				CLANG_ANALYZER_NONNULL = YES;
				CLANG_ANALYZER_NUMBER_OBJECT_CONVERSION = YES_AGGRESSIVE;
				CLANG_CXX_LANGUAGE_STANDARD = "gnu++17";
				CLANG_CXX_LIBRARY = "libc++";
				CLANG_ENABLE_MODULES = YES;
				CLANG_ENABLE_OBJC_ARC = YES;
				CLANG_ENABLE_OBJC_WEAK = YES;
				CLANG_WARN_BLOCK_CAPTURE_AUTORELEASING = YES;
				CLANG_WARN_BOOL_CONVERSION = YES;
				CLANG_WARN_COMMA = YES;
				CLANG_WARN_CONSTANT_CONVERSION = YES;
				CLANG_WARN_DEPRECATED_OBJC_IMPLEMENTATIONS = YES;
				CLANG_WARN_DIRECT_OBJC_ISA_USAGE = YES_ERROR;
				CLANG_WARN_DOCUMENTATION_COMMENTS = YES;
				CLANG_WARN_EMPTY_BODY = YES;
				CLANG_WARN_ENUM_CONVERSION = YES;
				CLANG_WARN_INFINITE_RECURSION = YES;
				CLANG_WARN_INT_CONVERSION = YES;
				CLANG_WARN_NON_LITERAL_NULL_CONVERSION = YES;
				CLANG_WARN_OBJC_IMPLICIT_RETAIN_SELF = YES;
				CLANG_WARN_OBJC_LITERAL_CONVERSION = YES;
				CLANG_WARN_OBJC_ROOT_CLASS = YES_ERROR;
				CLANG_WARN_QUOTED_INCLUDE_IN_FRAMEWORK_HEADER = YES;
				CLANG_WARN_RANGE_LOOP_ANALYSIS = YES;
				CLANG_WARN_STRICT_PROTOTYPES = YES;
				CLANG_WARN_SUSPICIOUS_MOVE = YES;
				CLANG_WARN_UNGUARDED_AVAILABILITY = YES_AGGRESSIVE;
				CLANG_WARN_UNREACHABLE_CODE = YES;
				CLANG_WARN__DUPLICATE_METHOD_MATCH = YES;
				COPY_PHASE_STRIP = NO;
				DEBUG_INFORMATION_FORMAT = "dwarf-with-dsym";
				ENABLE_NS_ASSERTIONS = NO;
				ENABLE_STRICT_OBJC_MSGSEND = YES;
				GCC_C_LANGUAGE_STANDARD = gnu11;
				GCC_NO_COMMON_BLOCKS = YES;
				GCC_WARN_64_TO_32_BIT_CONVERSION = YES;
				GCC_WARN_ABOUT_RETURN_TYPE = YES_ERROR;
				GCC_WARN_UNDECLARED_SELECTOR = YES;
				GCC_WARN_UNINITIALIZED_AUTOS = YES_AGGRESSIVE;
				GCC_WARN_UNUSED_FUNCTION = YES;
				GCC_WARN_UNUSED_VARIABLE = YES;
				IPHONEOS_DEPLOYMENT_TARGET = 15.0;
				MTL_ENABLE_DEBUG_INFO = NO;
				MTL_FAST_MATH = YES;
				SDKROOT = iphoneos;
				SWIFT_COMPILATION_MODE = wholemodule;
				SWIFT_OPTIMIZATION_LEVEL = "-O";
				VALIDATE_PRODUCT = YES;
			};
			name = Release;
		};
		DFA14904276B636900A86C54 /* Debug */ = {
			isa = XCBuildConfiguration;
			buildSettings = {
				ASSETCATALOG_COMPILER_APPICON_NAME = AppIcon;
				ASSETCATALOG_COMPILER_GLOBAL_ACCENT_COLOR_NAME = AccentColor;
				CODE_SIGN_STYLE = Automatic;
				CURRENT_PROJECT_VERSION = 1;
				DEVELOPMENT_TEAM = Z783FFF863;
				GENERATE_INFOPLIST_FILE = YES;
				INFOPLIST_FILE = Cakeberry/Application/Info.plist;
				INFOPLIST_KEY_UIApplicationSupportsIndirectInputEvents = YES;
				INFOPLIST_KEY_UILaunchStoryboardName = LaunchScreen;
				INFOPLIST_KEY_UISupportedInterfaceOrientations_iPad = "UIInterfaceOrientationPortrait UIInterfaceOrientationPortraitUpsideDown UIInterfaceOrientationLandscapeLeft UIInterfaceOrientationLandscapeRight";
				INFOPLIST_KEY_UISupportedInterfaceOrientations_iPhone = "UIInterfaceOrientationPortrait UIInterfaceOrientationLandscapeLeft UIInterfaceOrientationLandscapeRight";
				LD_RUNPATH_SEARCH_PATHS = (
					"$(inherited)",
					"@executable_path/Frameworks",
				);
				MARKETING_VERSION = 1.0;
				PRODUCT_BUNDLE_IDENTIFIER = com.EugeneDudkin.Cakeberry;
				PRODUCT_NAME = "$(TARGET_NAME)";
				SWIFT_EMIT_LOC_STRINGS = YES;
				SWIFT_VERSION = 5.0;
				TARGETED_DEVICE_FAMILY = 1;
			};
			name = Debug;
		};
		DFA14905276B636900A86C54 /* Release */ = {
			isa = XCBuildConfiguration;
			buildSettings = {
				ASSETCATALOG_COMPILER_APPICON_NAME = AppIcon;
				ASSETCATALOG_COMPILER_GLOBAL_ACCENT_COLOR_NAME = AccentColor;
				CODE_SIGN_STYLE = Automatic;
				CURRENT_PROJECT_VERSION = 1;
				DEVELOPMENT_TEAM = Z783FFF863;
				GENERATE_INFOPLIST_FILE = YES;
				INFOPLIST_FILE = Cakeberry/Application/Info.plist;
				INFOPLIST_KEY_UIApplicationSupportsIndirectInputEvents = YES;
				INFOPLIST_KEY_UILaunchStoryboardName = LaunchScreen;
				INFOPLIST_KEY_UISupportedInterfaceOrientations_iPad = "UIInterfaceOrientationPortrait UIInterfaceOrientationPortraitUpsideDown UIInterfaceOrientationLandscapeLeft UIInterfaceOrientationLandscapeRight";
				INFOPLIST_KEY_UISupportedInterfaceOrientations_iPhone = "UIInterfaceOrientationPortrait UIInterfaceOrientationLandscapeLeft UIInterfaceOrientationLandscapeRight";
				LD_RUNPATH_SEARCH_PATHS = (
					"$(inherited)",
					"@executable_path/Frameworks",
				);
				MARKETING_VERSION = 1.0;
				PRODUCT_BUNDLE_IDENTIFIER = com.EugeneDudkin.Cakeberry;
				PRODUCT_NAME = "$(TARGET_NAME)";
				SWIFT_EMIT_LOC_STRINGS = YES;
				SWIFT_VERSION = 5.0;
				TARGETED_DEVICE_FAMILY = 1;
			};
			name = Release;
		};
/* End XCBuildConfiguration section */

/* Begin XCConfigurationList section */
		DFA148EA276B636800A86C54 /* Build configuration list for PBXProject "Cakeberry" */ = {
			isa = XCConfigurationList;
			buildConfigurations = (
				DFA14901276B636900A86C54 /* Debug */,
				DFA14902276B636900A86C54 /* Release */,
			);
			defaultConfigurationIsVisible = 0;
			defaultConfigurationName = Release;
		};
		DFA14903276B636900A86C54 /* Build configuration list for PBXNativeTarget "Cakeberry" */ = {
			isa = XCConfigurationList;
			buildConfigurations = (
				DFA14904276B636900A86C54 /* Debug */,
				DFA14905276B636900A86C54 /* Release */,
			);
			defaultConfigurationIsVisible = 0;
			defaultConfigurationName = Release;
		};
/* End XCConfigurationList section */

/* Begin XCRemoteSwiftPackageReference section */
		DFCA257927705DB300EE07C1 /* XCRemoteSwiftPackageReference "storyteller-sdk-swift-package" */ = {
			isa = XCRemoteSwiftPackageReference;
			repositoryURL = "https://github.com/getstoryteller/storyteller-sdk-swift-package";
			requirement = {
				kind = upToNextMajorVersion;
				minimumVersion = 5.0.0;
			};
		};
/* End XCRemoteSwiftPackageReference section */

/* Begin XCSwiftPackageProductDependency section */
		DFCA257A27705DB300EE07C1 /* StorytellerSDK */ = {
			isa = XCSwiftPackageProductDependency;
			package = DFCA257927705DB300EE07C1 /* XCRemoteSwiftPackageReference "storyteller-sdk-swift-package" */;
			productName = StorytellerSDK;
		};
/* End XCSwiftPackageProductDependency section */
	};
	rootObject = DFA148E7276B636800A86C54 /* Project object */;
}
